
Microsoft Visual Studio Solution File, Format Version 12.00
# Visual Studio 15
Project("{FAE04EC0-301F-11D3-BF4B-00C04F79EFBC}") = "Assembly-CSharp", "Assembly-CSharp.csproj", "{5651D581-742A-43F2-D3BD-49C444ED46B0}"
EndProject
Project("{FAE04EC0-301F-11D3-BF4B-00C04F79EFBC}") = "Assembly-CSharp-Editor", "Assembly-CSharp-Editor.csproj", "{4679A161-7A24-2F3A-24E6-80C020DE75FA}"
EndProject
Global
	GlobalSection(SolutionConfigurationPlatforms) = preSolution
		Debug|Any CPU = Debug|Any CPU
		Release|Any CPU = Release|Any CPU
	EndGlobalSection
	GlobalSection(ProjectConfigurationPlatforms) = postSolution
		{5651D581-742A-43F2-D3BD-49C444ED46B0}.Debug|Any CPU.ActiveCfg = Debug|Any CPU
		{5651D581-742A-43F2-D3BD-49C444ED46B0}.Debug|Any CPU.Build.0 = Debug|Any CPU
		{5651D581-742A-43F2-D3BD-49C444ED46B0}.Release|Any CPU.ActiveCfg = Release|Any CPU
		{5651D581-742A-43F2-D3BD-49C444ED46B0}.Release|Any CPU.Build.0 = Release|Any CPU
		{4679A161-7A24-2F3A-24E6-80C020DE75FA}.Debug|Any CPU.ActiveCfg = Debug|Any CPU
		{4679A161-7A24-2F3A-24E6-80C020DE75FA}.Debug|Any CPU.Build.0 = Debug|Any CPU
		{4679A161-7A24-2F3A-24E6-80C020DE75FA}.Release|Any CPU.ActiveCfg = Release|Any CPU
		{4679A161-7A24-2F3A-24E6-80C020DE75FA}.Release|Any CPU.Build.0 = Release|Any CPU
	EndGlobalSection
	GlobalSection(SolutionProperties) = preSolution
		HideSolutionNode = FALSE
	EndGlobalSection
EndGlobal
